// !$*UTF8*$!
{
	archiveVersion = 1;
	classes = {
	};
	objectVersion = 54;
	objects = {

/* Begin PBXBuildFile section */
		1498D2341E8E89220040F4C2 /* GeneratedPluginRegistrant.m in Sources */ = {isa = PBXBuildFile; fileRef = 1498D2331E8E89220040F4C2 /* GeneratedPluginRegistrant.m */; };
		2C0D196F2FFCA8BE00F2E1E2 /* JVSBasicToolFramework.framework in Frameworks */ = {isa = PBXBuildFile; fileRef = 2C0D196E2FFCA8BE00F2E1E2 /* JVSBasicToolFramework.framework */; };
		2C0D19702FFCA8BE00F2E1E2 /* JVSBasicToolFramework.framework in Embed Frameworks */ = {isa = PBXBuildFile; fileRef = 2C0D196E2FFCA8BE00F2E1E2 /* JVSBasicToolFramework.framework */; settings = {ATTRIBUTES = (CodeSignOnCopy, RemoveHeadersOnCopy, ); }; };
		2C0D19722FFCA8CA00F2E1E2 /* JVSDeviceNetConfigComponent.framework in Frameworks */ = {isa = PBXBuildFile; fileRef = 2C0D19712FFCA8CA00F2E1E2 /* JVSDeviceNetConfigComponent.framework */; };
		2C0D19732FFCA8CA00F2E1E2 /* JVSDeviceNetConfigComponent.framework in Embed Frameworks */ = {isa = PBXBuildFile; fileRef = 2C0D19712FFCA8CA00F2E1E2 /* JVSDeviceNetConfigComponent.framework */; settings = {ATTRIBUTES = (CodeSignOnCopy, RemoveHeadersOnCopy, ); }; };
		2C0D19752FFCA8D400F2E1E2 /* JVSHttpRequstFrameWork.framework in Frameworks */ = {isa = PBXBuildFile; fileRef = 2C0D19742FFCA8D400F2E1E2 /* JVSHttpRequstFrameWork.framework */; };
		2C0D19762FFCA8D400F2E1E2 /* JVSHttpRequstFrameWork.framework in Embed Frameworks */ = {isa = PBXBuildFile; fileRef = 2C0D19742FFCA8D400F2E1E2 /* JVSHttpRequstFrameWork.framework */; settings = {ATTRIBUTES = (CodeSignOnCopy, RemoveHeadersOnCopy, ); }; };
		2C0D1A5E2FFCA9BF00F2E1E2 /* P2PSDK.m in Sources */ = {isa = PBXBuildFile; fileRef = 2C0D1A472FFCA9BF00F2E1E2 /* P2PSDK.m */; };
		2C0D1A602FFCA9BF00F2E1E2 /* BabyPeripheralManager.m in Sources */ = {isa = PBXBuildFile; fileRef = 2C0D1A092FFCA9BF00F2E1E2 /* BabyPeripheralManager.m */; };
		2C0D1A612FFCA9BF00F2E1E2 /* BabyRhythm.m in Sources */ = {isa = PBXBuildFile; fileRef = 2C0D1A0B2FFCA9BF00F2E1E2 /* BabyRhythm.m */; };
		2C0D1A622FFCA9BF00F2E1E2 /* NSData+HexExtension.m in Sources */ = {isa = PBXBuildFile; fileRef = 2C0D1A3F2FFCA9BF00F2E1E2 /* NSData+HexExtension.m */; };
		2C0D1A632FFCA9BF00F2E1E2 /* SABleWriteDataCoder.m in Sources */ = {isa = PBXBuildFile; fileRef = 2C0D1A172FFCA9BF00F2E1E2 /* SABleWriteDataCoder.m */; };
		2C0D1A642FFCA9BF00F2E1E2 /* BabySpeaker.m in Sources */ = {isa = PBXBuildFile; fileRef = 2C0D1A0D2FFCA9BF00F2E1E2 /* BabySpeaker.m */; };
		2C0D1A652FFCA9BF00F2E1E2 /* JVSRecorderManager.m in Sources */ = {isa = PBXBuildFile; fileRef = 2C0D1A542FFCA9BF00F2E1E2 /* JVSRecorderManager.m */; };
		2C0D1A672FFCA9BF00F2E1E2 /* BabyOptions.m in Sources */ = {isa = PBXBuildFile; fileRef = 2C0D1A072FFCA9BF00F2E1E2 /* BabyOptions.m */; };
		2C0D1A682FFCA9BF00F2E1E2 /* BabyCallback.m in Sources */ = {isa = PBXBuildFile; fileRef = 2C0D1A012FFCA9BF00F2E1E2 /* BabyCallback.m */; };
		2C0D1A692FFCA9BF00F2E1E2 /* JVSDataLogManager.m in Sources */ = {isa = PBXBuildFile; fileRef = 2C0D1A4E2FFCA9BF00F2E1E2 /* JVSDataLogManager.m */; };
		2C0D1A6A2FFCA9BF00F2E1E2 /* JVSWriteData.m in Sources */ = {isa = PBXBuildFile; fileRef = 2C0D1A272FFCA9BF00F2E1E2 /* JVSWriteData.m */; };
		2C0D1A6B2FFCA9BF00F2E1E2 /* JVSP2PPlayer.m in Sources */ = {isa = PBXBuildFile; fileRef = 2C0D1A5B2FFCA9BF00F2E1E2 /* JVSP2PPlayer.m */; };
		2C0D1A6C2FFCA9BF00F2E1E2 /* SAPeripheralInfo.m in Sources */ = {isa = PBXBuildFile; fileRef = 2C0D1A192FFCA9BF00F2E1E2 /* SAPeripheralInfo.m */; };
		2C0D1A6D2FFCA9BF00F2E1E2 /* JVSFrameInfo.m in Sources */ = {isa = PBXBuildFile; fileRef = 2C0D1A212FFCA9BF00F2E1E2 /* JVSFrameInfo.m */; };
		2C0D1A6E2FFCA9BF00F2E1E2 /* BabyBluetooth.m in Sources */ = {isa = PBXBuildFile; fileRef = 2C0D19FF2FFCA9BF00F2E1E2 /* BabyBluetooth.m */; };
		2C0D1A6F2FFCA9BF00F2E1E2 /* SessionModel.m in Sources */ = {isa = PBXBuildFile; fileRef = 2C0D1A382FFCA9BF00F2E1E2 /* SessionModel.m */; };
		2C0D1A702FFCA9BF00F2E1E2 /* NSString+HexExtension.m in Sources */ = {isa = PBXBuildFile; fileRef = 2C0D1A412FFCA9BF00F2E1E2 /* NSString+HexExtension.m */; };
		2C0D1A712FFCA9BF00F2E1E2 /* SABleReadDataCoder.m in Sources */ = {isa = PBXBuildFile; fileRef = 2C0D1A152FFCA9BF00F2E1E2 /* SABleReadDataCoder.m */; };
		2C0D1A722FFCA9BF00F2E1E2 /* BabyCentralManager.m in Sources */ = {isa = PBXBuildFile; fileRef = 2C0D1A032FFCA9BF00F2E1E2 /* BabyCentralManager.m */; };
		2C0D1A732FFCA9BF00F2E1E2 /* BabyToy.m in Sources */ = {isa = PBXBuildFile; fileRef = 2C0D1A0F2FFCA9BF00F2E1E2 /* BabyToy.m */; };
		2C0D1A742FFCA9BF00F2E1E2 /* BabyDefine.m in Sources */ = {isa = PBXBuildFile; fileRef = 2C0D1A052FFCA9BF00F2E1E2 /* BabyDefine.m */; };
		2C0D1A752FFCA9BF00F2E1E2 /* JVSBluetoothManager.m in Sources */ = {isa = PBXBuildFile; fileRef = 2C0D1A122FFCA9BF00F2E1E2 /* JVSBluetoothManager.m */; };
		2C0D1A762FFCA9BF00F2E1E2 /* WakeupQueryModel.m in Sources */ = {isa = PBXBuildFile; fileRef = 2C0D1A3C2FFCA9BF00F2E1E2 /* WakeupQueryModel.m */; };
		2C0D1A772FFCA9BF00F2E1E2 /* UDPRecvEchoModel.m in Sources */ = {isa = PBXBuildFile; fileRef = 2C0D1A3A2FFCA9BF00F2E1E2 /* UDPRecvEchoModel.m */; };
		2C0D1A782FFCA9BF00F2E1E2 /* P2PUtil.m in Sources */ = {isa = PBXBuildFile; fileRef = 2C0D1A432FFCA9BF00F2E1E2 /* P2PUtil.m */; };
		2C0D1A792FFCA9BF00F2E1E2 /* G711Coder.m in Sources */ = {isa = PBXBuildFile; fileRef = 2C0D1A4C2FFCA9BF00F2E1E2 /* G711Coder.m */; };
		2C0D1A7A2FFCA9BF00F2E1E2 /* CS2MutableArray.m in Sources */ = {isa = PBXBuildFile; fileRef = 2C0D1A322FFCA9BF00F2E1E2 /* CS2MutableArray.m */; };
		2C0D1A7B2FFCA9BF00F2E1E2 /* NSError+JVSErrorData.m in Sources */ = {isa = PBXBuildFile; fileRef = 2C0D1A292FFCA9BF00F2E1E2 /* NSError+JVSErrorData.m */; };
		2C0D1A7C2FFCA9BF00F2E1E2 /* JVSFrameParser.m in Sources */ = {isa = PBXBuildFile; fileRef = 2C0D1A502FFCA9BF00F2E1E2 /* JVSFrameParser.m */; };
		2C0D1A7D2FFCA9BF00F2E1E2 /* JVSDataRequest.m in Sources */ = {isa = PBXBuildFile; fileRef = 2C0D1A1E2FFCA9BF00F2E1E2 /* JVSDataRequest.m */; };
		2C0D1A7E2FFCA9BF00F2E1E2 /* DCSModel.m in Sources */ = {isa = PBXBuildFile; fileRef = 2C0D1A342FFCA9BF00F2E1E2 /* DCSModel.m */; };
		2C0D1A7F2FFCA9BF00F2E1E2 /* JVSP2PSDKManager.m in Sources */ = {isa = PBXBuildFile; fileRef = 2C0D1A232FFCA9BF00F2E1E2 /* JVSP2PSDKManager.m */; };
		2C0D1A802FFCA9BF00F2E1E2 /* DIDModel.m in Sources */ = {isa = PBXBuildFile; fileRef = 2C0D1A362FFCA9BF00F2E1E2 /* DIDModel.m */; };
		2C0D1A812FFCA9BF00F2E1E2 /* JVSReadData.m in Sources */ = {isa = PBXBuildFile; fileRef = 2C0D1A252FFCA9BF00F2E1E2 /* JVSReadData.m */; };
		2C0D1A822FFCA9BF00F2E1E2 /* JVSBaseRequest.m in Sources */ = {isa = PBXBuildFile; fileRef = 2C0D1A1C2FFCA9BF00F2E1E2 /* JVSBaseRequest.m */; };
		2C0D1A832FFCA9BF00F2E1E2 /* JVSP2PSendDataOperation.m in Sources */ = {isa = PBXBuildFile; fileRef = 2C0D1A522FFCA9BF00F2E1E2 /* JVSP2PSendDataOperation.m */; };
		2C0D1A842FFCA9BF00F2E1E2 /* libPPCS_API.a in Frameworks */ = {isa = PBXBuildFile; fileRef = 2C0D1A2F2FFCA9BF00F2E1E2 /* libPPCS_API.a */; };
		2C4B417C2FFCC7800072B602 /* AspenCameraHandler.swift in Sources */ = {isa = PBXBuildFile; fileRef = 2C4B417A2FFCC7800072B602 /* AspenCameraHandler.swift */; };
		2C4B417D2FFCC7800072B602 /* AspenCameraViewFactory.swift in Sources */ = {isa = PBXBuildFile; fileRef = 2C4B417B2FFCC7800072B602 /* AspenCameraViewFactory.swift */; };
		2CA483132FFC9D67000B822A /* JVSPlayerSDK.framework in Frameworks */ = {isa = PBXBuildFile; fileRef = 2CA483122FFC9D67000B822A /* JVSPlayerSDK.framework */; };
		2CA483142FFC9D67000B822A /* JVSPlayerSDK.framework in Embed Frameworks */ = {isa = PBXBuildFile; fileRef = 2CA483122FFC9D67000B822A /* JVSPlayerSDK.framework */; settings = {ATTRIBUTES = (CodeSignOnCopy, RemoveHeadersOnCopy, ); }; };
		331C808B294A63AB00263BE5 /* RunnerTests.swift in Sources */ = {isa = PBXBuildFile; fileRef = 331C807B294A618700263BE5 /* RunnerTests.swift */; };
		3B3967161E833CAA004F5970 /* AppFrameworkInfo.plist in Resources */ = {isa = PBXBuildFile; fileRef = 3B3967151E833CAA004F5970 /* AppFrameworkInfo.plist */; };
		74858FAF1ED2DC5600515810 /* AppDelegate.swift in Sources */ = {isa = PBXBuildFile; fileRef = 74858FAE1ED2DC5600515810 /* AppDelegate.swift */; };
		7884E8682EC3CC0700C636F2 /* SceneDelegate.swift in Sources */ = {isa = PBXBuildFile; fileRef = 7884E8672EC3CC0400C636F2 /* SceneDelegate.swift */; };
		78A318202AECB46A00862997 /* FlutterGeneratedPluginSwiftPackage in Frameworks */ = {isa = PBXBuildFile; productRef = 78A3181F2AECB46A00862997 /* FlutterGeneratedPluginSwiftPackage */; };
		97C146FC1CF9000F007C117D /* Main.storyboard in Resources */ = {isa = PBXBuildFile; fileRef = 97C146FA1CF9000F007C117D /* Main.storyboard */; };
		97C146FE1CF9000F007C117D /* Assets.xcassets in Resources */ = {isa = PBXBuildFile; fileRef = 97C146FD1CF9000F007C117D /* Assets.xcassets */; };
		97C147011CF9000F007C117D /* LaunchScreen.storyboard in Resources */ = {isa = PBXBuildFile; fileRef = 97C146FF1CF9000F007C117D /* LaunchScreen.storyboard */; };
		B36259320680A983BD2F15DD /* Pods_Runner.framework in Frameworks */ = {isa = PBXBuildFile; fileRef = F6B2858F06B8590A123C2BED /* Pods_Runner.framework */; };
		E5EF3856C44F5FE49BFAD07D /* Pods_RunnerTests.framework in Frameworks */ = {isa = PBXBuildFile; fileRef = E4D6B621A261089B59AB8C42 /* Pods_RunnerTests.framework */; };
/* End PBXBuildFile section */

/* Begin PBXContainerItemProxy section */
		331C8085294A63A400263BE5 /* PBXContainerItemProxy */ = {
			isa = PBXContainerItemProxy;
			containerPortal = 97C146E61CF9000F007C117D /* Project object */;
			proxyType = 1;
			remoteGlobalIDString = 97C146ED1CF9000F007C117D;
			remoteInfo = Runner;
		};
/* End PBXContainerItemProxy section */

/* Begin PBXCopyFilesBuildPhase section */
		9705A1C41CF9048500538489 /* Embed Frameworks */ = {
			isa = PBXCopyFilesBuildPhase;
			buildActionMask = 2147483647;
			dstPath = "";
			dstSubfolderSpec = 10;
			files = (
				2C0D19702FFCA8BE00F2E1E2 /* JVSBasicToolFramework.framework in Embed Frameworks */,
				2C0D19732FFCA8CA00F2E1E2 /* JVSDeviceNetConfigComponent.framework in Embed Frameworks */,
				2C0D19762FFCA8D400F2E1E2 /* JVSHttpRequstFrameWork.framework in Embed Frameworks */,
				2CA483142FFC9D67000B822A /* JVSPlayerSDK.framework in Embed Frameworks */,
			);
			name = "Embed Frameworks";
			runOnlyForDeploymentPostprocessing = 0;
		};
/* End PBXCopyFilesBuildPhase section */

/* Begin PBXFileReference section */
		0DA246469962DF3D52DBFCED /* Pods-Runner.profile.xcconfig */ = {isa = PBXFileReference; includeInIndex = 1; lastKnownFileType = text.xcconfig; name = "Pods-Runner.profile.xcconfig"; path = "Target Support Files/Pods-Runner/Pods-Runner.profile.xcconfig"; sourceTree = "<group>"; };
		1498D2321E8E86230040F4C2 /* GeneratedPluginRegistrant.h */ = {isa = PBXFileReference; lastKnownFileType = sourcecode.c.h; path = GeneratedPluginRegistrant.h; sourceTree = "<group>"; };
		1498D2331E8E89220040F4C2 /* GeneratedPluginRegistrant.m */ = {isa = PBXFileReference; fileEncoding = 4; lastKnownFileType = sourcecode.c.objc; path = GeneratedPluginRegistrant.m; sourceTree = "<group>"; };
		2C0D196E2FFCA8BE00F2E1E2 /* JVSBasicToolFramework.framework */ = {isa = PBXFileReference; lastKnownFileType = wrapper.framework; name = JVSBasicToolFramework.framework; path = Frameworks/JVSBasicToolFramework.framework; sourceTree = "<group>"; };
		2C0D19712FFCA8CA00F2E1E2 /* JVSDeviceNetConfigComponent.framework */ = {isa = PBXFileReference; lastKnownFileType = wrapper.framework; name = JVSDeviceNetConfigComponent.framework; path = Frameworks/JVSDeviceNetConfigComponent.framework; sourceTree = "<group>"; };
		2C0D19742FFCA8D400F2E1E2 /* JVSHttpRequstFrameWork.framework */ = {isa = PBXFileReference; lastKnownFileType = wrapper.framework; name = JVSHttpRequstFrameWork.framework; path = Frameworks/JVSHttpRequstFrameWork.framework; sourceTree = "<group>"; };
		2C0D19FE2FFCA9BF00F2E1E2 /* BabyBluetooth.h */ = {isa = PBXFileReference; lastKnownFileType = sourcecode.c.h; path = BabyBluetooth.h; sourceTree = "<group>"; };
		2C0D19FF2FFCA9BF00F2E1E2 /* BabyBluetooth.m */ = {isa = PBXFileReference; lastKnownFileType = sourcecode.c.objc; path = BabyBluetooth.m; sourceTree = "<group>"; };
		2C0D1A002FFCA9BF00F2E1E2 /* BabyCallback.h */ = {isa = PBXFileReference; lastKnownFileType = sourcecode.c.h; path = BabyCallback.h; sourceTree = "<group>"; };
		2C0D1A012FFCA9BF00F2E1E2 /* BabyCallback.m */ = {isa = PBXFileReference; lastKnownFileType = sourcecode.c.objc; path = BabyCallback.m; sourceTree = "<group>"; };
		2C0D1A022FFCA9BF00F2E1E2 /* BabyCentralManager.h */ = {isa = PBXFileReference; lastKnownFileType = sourcecode.c.h; path = BabyCentralManager.h; sourceTree = "<group>"; };
		2C0D1A032FFCA9BF00F2E1E2 /* BabyCentralManager.m */ = {isa = PBXFileReference; lastKnownFileType = sourcecode.c.objc; path = BabyCentralManager.m; sourceTree = "<group>"; };
		2C0D1A042FFCA9BF00F2E1E2 /* BabyDefine.h */ = {isa = PBXFileReference; lastKnownFileType = sourcecode.c.h; path = BabyDefine.h; sourceTree = "<group>"; };
		2C0D1A052FFCA9BF00F2E1E2 /* BabyDefine.m */ = {isa = PBXFileReference; lastKnownFileType = sourcecode.c.objc; path = BabyDefine.m; sourceTree = "<group>"; };
		2C0D1A062FFCA9BF00F2E1E2 /* BabyOptions.h */ = {isa = PBXFileReference; lastKnownFileType = sourcecode.c.h; path = BabyOptions.h; sourceTree = "<group>"; };
		2C0D1A072FFCA9BF00F2E1E2 /* BabyOptions.m */ = {isa = PBXFileReference; lastKnownFileType = sourcecode.c.objc; path = BabyOptions.m; sourceTree = "<group>"; };
		2C0D1A082FFCA9BF00F2E1E2 /* BabyPeripheralManager.h */ = {isa = PBXFileReference; lastKnownFileType = sourcecode.c.h; path = BabyPeripheralManager.h; sourceTree = "<group>"; };
		2C0D1A092FFCA9BF00F2E1E2 /* BabyPeripheralManager.m */ = {isa = PBXFileReference; lastKnownFileType = sourcecode.c.objc; path = BabyPeripheralManager.m; sourceTree = "<group>"; };
		2C0D1A0A2FFCA9BF00F2E1E2 /* BabyRhythm.h */ = {isa = PBXFileReference; lastKnownFileType = sourcecode.c.h; path = BabyRhythm.h; sourceTree = "<group>"; };
		2C0D1A0B2FFCA9BF00F2E1E2 /* BabyRhythm.m */ = {isa = PBXFileReference; lastKnownFileType = sourcecode.c.objc; path = BabyRhythm.m; sourceTree = "<group>"; };
		2C0D1A0C2FFCA9BF00F2E1E2 /* BabySpeaker.h */ = {isa = PBXFileReference; lastKnownFileType = sourcecode.c.h; path = BabySpeaker.h; sourceTree = "<group>"; };
		2C0D1A0D2FFCA9BF00F2E1E2 /* BabySpeaker.m */ = {isa = PBXFileReference; lastKnownFileType = sourcecode.c.objc; path = BabySpeaker.m; sourceTree = "<group>"; };
		2C0D1A0E2FFCA9BF00F2E1E2 /* BabyToy.h */ = {isa = PBXFileReference; lastKnownFileType = sourcecode.c.h; path = BabyToy.h; sourceTree = "<group>"; };
		2C0D1A0F2FFCA9BF00F2E1E2 /* BabyToy.m */ = {isa = PBXFileReference; lastKnownFileType = sourcecode.c.objc; path = BabyToy.m; sourceTree = "<group>"; };
		2C0D1A112FFCA9BF00F2E1E2 /* JVSBluetoothManager.h */ = {isa = PBXFileReference; lastKnownFileType = sourcecode.c.h; path = JVSBluetoothManager.h; sourceTree = "<group>"; };
		2C0D1A122FFCA9BF00F2E1E2 /* JVSBluetoothManager.m */ = {isa = PBXFileReference; lastKnownFileType = sourcecode.c.objc; path = JVSBluetoothManager.m; sourceTree = "<group>"; };
		2C0D1A132FFCA9BF00F2E1E2 /* SABleDataCoder.h */ = {isa = PBXFileReference; lastKnownFileType = sourcecode.c.h; path = SABleDataCoder.h; sourceTree = "<group>"; };
		2C0D1A142FFCA9BF00F2E1E2 /* SABleReadDataCoder.h */ = {isa = PBXFileReference; lastKnownFileType = sourcecode.c.h; path = SABleReadDataCoder.h; sourceTree = "<group>"; };
		2C0D1A152FFCA9BF00F2E1E2 /* SABleReadDataCoder.m */ = {isa = PBXFileReference; lastKnownFileType = sourcecode.c.objc; path = SABleReadDataCoder.m; sourceTree = "<group>"; };
		2C0D1A162FFCA9BF00F2E1E2 /* SABleWriteDataCoder.h */ = {isa = PBXFileReference; lastKnownFileType = sourcecode.c.h; path = SABleWriteDataCoder.h; sourceTree = "<group>"; };
		2C0D1A172FFCA9BF00F2E1E2 /* SABleWriteDataCoder.m */ = {isa = PBXFileReference; lastKnownFileType = sourcecode.c.objc; path = SABleWriteDataCoder.m; sourceTree = "<group>"; };
		2C0D1A182FFCA9BF00F2E1E2 /* SAPeripheralInfo.h */ = {isa = PBXFileReference; lastKnownFileType = sourcecode.c.h; path = SAPeripheralInfo.h; sourceTree = "<group>"; };
		2C0D1A192FFCA9BF00F2E1E2 /* SAPeripheralInfo.m */ = {isa = PBXFileReference; lastKnownFileType = sourcecode.c.objc; path = SAPeripheralInfo.m; sourceTree = "<group>"; };
		2C0D1A1B2FFCA9BF00F2E1E2 /* JVSBaseRequest.h */ = {isa = PBXFileReference; lastKnownFileType = sourcecode.c.h; path = JVSBaseRequest.h; sourceTree = "<group>"; };
		2C0D1A1C2FFCA9BF00F2E1E2 /* JVSBaseRequest.m */ = {isa = PBXFileReference; lastKnownFileType = sourcecode.c.objc; path = JVSBaseRequest.m; sourceTree = "<group>"; };
		2C0D1A1D2FFCA9BF00F2E1E2 /* JVSDataRequest.h */ = {isa = PBXFileReference; lastKnownFileType = sourcecode.c.h; path = JVSDataRequest.h; sourceTree = "<group>"; };
		2C0D1A1E2FFCA9BF00F2E1E2 /* JVSDataRequest.m */ = {isa = PBXFileReference; lastKnownFileType = sourcecode.c.objc; path = JVSDataRequest.m; sourceTree = "<group>"; };
		2C0D1A1F2FFCA9BF00F2E1E2 /* JVSDefinesHeader.h */ = {isa = PBXFileReference; lastKnownFileType = sourcecode.c.h; path = JVSDefinesHeader.h; sourceTree = "<group>"; };
		2C0D1A202FFCA9BF00F2E1E2 /* JVSFrameInfo.h */ = {isa = PBXFileReference; lastKnownFileType = sourcecode.c.h; path = JVSFrameInfo.h; sourceTree = "<group>"; };
		2C0D1A212FFCA9BF00F2E1E2 /* JVSFrameInfo.m */ = {isa = PBXFileReference; lastKnownFileType = sourcecode.c.objc; path = JVSFrameInfo.m; sourceTree = "<group>"; };
		2C0D1A222FFCA9BF00F2E1E2 /* JVSP2PSDKManager.h */ = {isa = PBXFileReference; lastKnownFileType = sourcecode.c.h; path = JVSP2PSDKManager.h; sourceTree = "<group>"; };
		2C0D1A232FFCA9BF00F2E1E2 /* JVSP2PSDKManager.m */ = {isa = PBXFileReference; lastKnownFileType = sourcecode.c.objc; path = JVSP2PSDKManager.m; sourceTree = "<group>"; };
		2C0D1A242FFCA9BF00F2E1E2 /* JVSReadData.h */ = {isa = PBXFileReference; lastKnownFileType = sourcecode.c.h; path = JVSReadData.h; sourceTree = "<group>"; };
		2C0D1A252FFCA9BF00F2E1E2 /* JVSReadData.m */ = {isa = PBXFileReference; lastKnownFileType = sourcecode.c.objc; path = JVSReadData.m; sourceTree = "<group>"; };
		2C0D1A262FFCA9BF00F2E1E2 /* JVSWriteData.h */ = {isa = PBXFileReference; lastKnownFileType = sourcecode.c.h; path = JVSWriteData.h; sourceTree = "<group>"; };
		2C0D1A272FFCA9BF00F2E1E2 /* JVSWriteData.m */ = {isa = PBXFileReference; lastKnownFileType = sourcecode.c.objc; path = JVSWriteData.m; sourceTree = "<group>"; };
		2C0D1A282FFCA9BF00F2E1E2 /* NSError+JVSErrorData.h */ = {isa = PBXFileReference; lastKnownFileType = sourcecode.c.h; path = "NSError+JVSErrorData.h"; sourceTree = "<group>"; };
		2C0D1A292FFCA9BF00F2E1E2 /* NSError+JVSErrorData.m */ = {isa = PBXFileReference; lastKnownFileType = sourcecode.c.objc; path = "NSError+JVSErrorData.m"; sourceTree = "<group>"; };
		2C0D1A2B2FFCA9BF00F2E1E2 /* PPCS_API.h */ = {isa = PBXFileReference; lastKnownFileType = sourcecode.c.h; path = PPCS_API.h; sourceTree = "<group>"; };
		2C0D1A2C2FFCA9BF00F2E1E2 /* PPCS_Error.h */ = {isa = PBXFileReference; lastKnownFileType = sourcecode.c.h; path = PPCS_Error.h; sourceTree = "<group>"; };
		2C0D1A2D2FFCA9BF00F2E1E2 /* PPCS_Type.h */ = {isa = PBXFileReference; lastKnownFileType = sourcecode.c.h; path = PPCS_Type.h; sourceTree = "<group>"; };
		2C0D1A2F2FFCA9BF00F2E1E2 /* libPPCS_API.a */ = {isa = PBXFileReference; lastKnownFileType = archive.ar; path = libPPCS_API.a; sourceTree = "<group>"; };
		2C0D1A312FFCA9BF00F2E1E2 /* CS2MutableArray.h */ = {isa = PBXFileReference; lastKnownFileType = sourcecode.c.h; path = CS2MutableArray.h; sourceTree = "<group>"; };
		2C0D1A322FFCA9BF00F2E1E2 /* CS2MutableArray.m */ = {isa = PBXFileReference; lastKnownFileType = sourcecode.c.objc; path = CS2MutableArray.m; sourceTree = "<group>"; };
		2C0D1A332FFCA9BF00F2E1E2 /* DCSModel.h */ = {isa = PBXFileReference; lastKnownFileType = sourcecode.c.h; path = DCSModel.h; sourceTree = "<group>"; };
		2C0D1A342FFCA9BF00F2E1E2 /* DCSModel.m */ = {isa = PBXFileReference; lastKnownFileType = sourcecode.c.objc; path = DCSModel.m; sourceTree = "<group>"; };
		2C0D1A352FFCA9BF00F2E1E2 /* DIDModel.h */ = {isa = PBXFileReference; lastKnownFileType = sourcecode.c.h; path = DIDModel.h; sourceTree = "<group>"; };
		2C0D1A362FFCA9BF00F2E1E2 /* DIDModel.m */ = {isa = PBXFileReference; lastKnownFileType = sourcecode.c.objc; path = DIDModel.m; sourceTree = "<group>"; };
		2C0D1A372FFCA9BF00F2E1E2 /* SessionModel.h */ = {isa = PBXFileReference; lastKnownFileType = sourcecode.c.h; path = SessionModel.h; sourceTree = "<group>"; };
		2C0D1A382FFCA9BF00F2E1E2 /* SessionModel.m */ = {isa = PBXFileReference; lastKnownFileType = sourcecode.c.objc; path = SessionModel.m; sourceTree = "<group>"; };
		2C0D1A392FFCA9BF00F2E1E2 /* UDPRecvEchoModel.h */ = {isa = PBXFileReference; lastKnownFileType = sourcecode.c.h; path = UDPRecvEchoModel.h; sourceTree = "<group>"; };
		2C0D1A3A2FFCA9BF00F2E1E2 /* UDPRecvEchoModel.m */ = {isa = PBXFileReference; lastKnownFileType = sourcecode.c.objc; path = UDPRecvEchoModel.m; sourceTree = "<group>"; };
		2C0D1A3B2FFCA9BF00F2E1E2 /* WakeupQueryModel.h */ = {isa = PBXFileReference; lastKnownFileType = sourcecode.c.h; path = WakeupQueryModel.h; sourceTree = "<group>"; };
		2C0D1A3C2FFCA9BF00F2E1E2 /* WakeupQueryModel.m */ = {isa = PBXFileReference; lastKnownFileType = sourcecode.c.objc; path = WakeupQueryModel.m; sourceTree = "<group>"; };
		2C0D1A3E2FFCA9BF00F2E1E2 /* NSData+HexExtension.h */ = {isa = PBXFileReference; lastKnownFileType = sourcecode.c.h; path = "NSData+HexExtension.h"; sourceTree = "<group>"; };
		2C0D1A3F2FFCA9BF00F2E1E2 /* NSData+HexExtension.m */ = {isa = PBXFileReference; lastKnownFileType = sourcecode.c.objc; path = "NSData+HexExtension.m"; sourceTree = "<group>"; };
		2C0D1A402FFCA9BF00F2E1E2 /* NSString+HexExtension.h */ = {isa = PBXFileReference; lastKnownFileType = sourcecode.c.h; path = "NSString+HexExtension.h"; sourceTree = "<group>"; };
		2C0D1A412FFCA9BF00F2E1E2 /* NSString+HexExtension.m */ = {isa = PBXFileReference; lastKnownFileType = sourcecode.c.objc; path = "NSString+HexExtension.m"; sourceTree = "<group>"; };
		2C0D1A422FFCA9BF00F2E1E2 /* P2PUtil.h */ = {isa = PBXFileReference; lastKnownFileType = sourcecode.c.h; path = P2PUtil.h; sourceTree = "<group>"; };
		2C0D1A432FFCA9BF00F2E1E2 /* P2PUtil.m */ = {isa = PBXFileReference; lastKnownFileType = sourcecode.c.objc; path = P2PUtil.m; sourceTree = "<group>"; };
		2C0D1A452FFCA9BF00F2E1E2 /* JVSSDKHeader.h */ = {isa = PBXFileReference; lastKnownFileType = sourcecode.c.h; path = JVSSDKHeader.h; sourceTree = "<group>"; };
		2C0D1A462FFCA9BF00F2E1E2 /* P2PSDK.h */ = {isa = PBXFileReference; lastKnownFileType = sourcecode.c.h; path = P2PSDK.h; sourceTree = "<group>"; };
		2C0D1A472FFCA9BF00F2E1E2 /* P2PSDK.m */ = {isa = PBXFileReference; lastKnownFileType = sourcecode.c.objc; path = P2PSDK.m; sourceTree = "<group>"; };
		2C0D1A482FFCA9BF00F2E1E2 /* P2PSDKHeader.h */ = {isa = PBXFileReference; lastKnownFileType = sourcecode.c.h; path = P2PSDKHeader.h; sourceTree = "<group>"; };
		2C0D1A492FFCA9BF00F2E1E2 /* ToolsMacro.h */ = {isa = PBXFileReference; lastKnownFileType = sourcecode.c.h; path = ToolsMacro.h; sourceTree = "<group>"; };
		2C0D1A4B2FFCA9BF00F2E1E2 /* G711Coder.h */ = {isa = PBXFileReference; lastKnownFileType = sourcecode.c.h; path = G711Coder.h; sourceTree = "<group>"; };
		2C0D1A4C2FFCA9BF00F2E1E2 /* G711Coder.m */ = {isa = PBXFileReference; lastKnownFileType = sourcecode.c.objc; path = G711Coder.m; sourceTree = "<group>"; };
		2C0D1A4D2FFCA9BF00F2E1E2 /* JVSDataLogManager.h */ = {isa = PBXFileReference; lastKnownFileType = sourcecode.c.h; path = JVSDataLogManager.h; sourceTree = "<group>"; };
		2C0D1A4E2FFCA9BF00F2E1E2 /* JVSDataLogManager.m */ = {isa = PBXFileReference; lastKnownFileType = sourcecode.c.objc; path = JVSDataLogManager.m; sourceTree = "<group>"; };
		2C0D1A4F2FFCA9BF00F2E1E2 /* JVSFrameParser.h */ = {isa = PBXFileReference; lastKnownFileType = sourcecode.c.h; path = JVSFrameParser.h; sourceTree = "<group>"; };
		2C0D1A502FFCA9BF00F2E1E2 /* JVSFrameParser.m */ = {isa = PBXFileReference; lastKnownFileType = sourcecode.c.objc; path = JVSFrameParser.m; sourceTree = "<group>"; };
		2C0D1A512FFCA9BF00F2E1E2 /* JVSP2PSendDataOperation.h */ = {isa = PBXFileReference; lastKnownFileType = sourcecode.c.h; path = JVSP2PSendDataOperation.h; sourceTree = "<group>"; };
		2C0D1A522FFCA9BF00F2E1E2 /* JVSP2PSendDataOperation.m */ = {isa = PBXFileReference; lastKnownFileType = sourcecode.c.objc; path = JVSP2PSendDataOperation.m; sourceTree = "<group>"; };
		2C0D1A532FFCA9BF00F2E1E2 /* JVSRecorderManager.h */ = {isa = PBXFileReference; lastKnownFileType = sourcecode.c.h; path = JVSRecorderManager.h; sourceTree = "<group>"; };
		2C0D1A542FFCA9BF00F2E1E2 /* JVSRecorderManager.m */ = {isa = PBXFileReference; lastKnownFileType = sourcecode.c.objc; path = JVSRecorderManager.m; sourceTree = "<group>"; };
		2C0D1A5A2FFCA9BF00F2E1E2 /* JVSP2PPlayer.h */ = {isa = PBXFileReference; lastKnownFileType = sourcecode.c.h; path = JVSP2PPlayer.h; sourceTree = "<group>"; };
		2C0D1A5B2FFCA9BF00F2E1E2 /* JVSP2PPlayer.m */ = {isa = PBXFileReference; lastKnownFileType = sourcecode.c.objc; path = JVSP2PPlayer.m; sourceTree = "<group>"; };
		2C0D1A5C2FFCA9BF00F2E1E2 /* JVSSDKHeader.h */ = {isa = PBXFileReference; lastKnownFileType = sourcecode.c.h; path = JVSSDKHeader.h; sourceTree = "<group>"; };
		2C4B417A2FFCC7800072B602 /* AspenCameraHandler.swift */ = {isa = PBXFileReference; lastKnownFileType = sourcecode.swift; path = AspenCameraHandler.swift; sourceTree = "<group>"; };
		2C4B417B2FFCC7800072B602 /* AspenCameraViewFactory.swift */ = {isa = PBXFileReference; lastKnownFileType = sourcecode.swift; path = AspenCameraViewFactory.swift; sourceTree = "<group>"; };
		2CA483122FFC9D67000B822A /* JVSPlayerSDK.framework */ = {isa = PBXFileReference; lastKnownFileType = wrapper.framework; name = JVSPlayerSDK.framework; path = Frameworks/JVSPlayerSDK.framework; sourceTree = "<group>"; };
		331C807B294A618700263BE5 /* RunnerTests.swift */ = {isa = PBXFileReference; lastKnownFileType = sourcecode.swift; path = RunnerTests.swift; sourceTree = "<group>"; };
		331C8081294A63A400263BE5 /* RunnerTests.xctest */ = {isa = PBXFileReference; explicitFileType = wrapper.cfbundle; includeInIndex = 0; path = RunnerTests.xctest; sourceTree = BUILT_PRODUCTS_DIR; };
		3B3967151E833CAA004F5970 /* AppFrameworkInfo.plist */ = {isa = PBXFileReference; fileEncoding = 4; lastKnownFileType = text.plist.xml; name = AppFrameworkInfo.plist; path = Flutter/AppFrameworkInfo.plist; sourceTree = "<group>"; };
		3E61A0D65E0E833691FEAF87 /* Pods-Runner.debug.xcconfig */ = {isa = PBXFileReference; includeInIndex = 1; lastKnownFileType = text.xcconfig; name = "Pods-Runner.debug.xcconfig"; path = "Target Support Files/Pods-Runner/Pods-Runner.debug.xcconfig"; sourceTree = "<group>"; };
		48999B8C6E8317DA93D8EF9B /* Pods-RunnerTests.debug.xcconfig */ = {isa = PBXFileReference; includeInIndex = 1; lastKnownFileType = text.xcconfig; name = "Pods-RunnerTests.debug.xcconfig"; path = "Target Support Files/Pods-RunnerTests/Pods-RunnerTests.debug.xcconfig"; sourceTree = "<group>"; };
		74858FAD1ED2DC5600515810 /* Runner-Bridging-Header.h */ = {isa = PBXFileReference; lastKnownFileType = sourcecode.c.h; path = "Runner-Bridging-Header.h"; sourceTree = "<group>"; };
		74858FAE1ED2DC5600515810 /* AppDelegate.swift */ = {isa = PBXFileReference; fileEncoding = 4; lastKnownFileType = sourcecode.swift; path = AppDelegate.swift; sourceTree = "<group>"; };
		7884E8672EC3CC0400C636F2 /* SceneDelegate.swift */ = {isa = PBXFileReference; lastKnownFileType = sourcecode.swift; path = SceneDelegate.swift; sourceTree = "<group>"; };
		78E0A7A72DC9AD7400C4905E /* FlutterGeneratedPluginSwiftPackage */ = {isa = PBXFileReference; lastKnownFileType = wrapper; name = FlutterGeneratedPluginSwiftPackage; path = Flutter/ephemeral/Packages/FlutterGeneratedPluginSwiftPackage; sourceTree = "<group>"; };
		794E8CA640D1987D165B855E /* Pods-RunnerTests.profile.xcconfig */ = {isa = PBXFileReference; includeInIndex = 1; lastKnownFileType = text.xcconfig; name = "Pods-RunnerTests.profile.xcconfig"; path = "Target Support Files/Pods-RunnerTests/Pods-RunnerTests.profile.xcconfig"; sourceTree = "<group>"; };
		7AFA3C8E1D35360C0083082E /* Release.xcconfig */ = {isa = PBXFileReference; lastKnownFileType = text.xcconfig; name = Release.xcconfig; path = Flutter/Release.xcconfig; sourceTree = "<group>"; };
		9740EEB21CF90195004384FC /* Debug.xcconfig */ = {isa = PBXFileReference; fileEncoding = 4; lastKnownFileType = text.xcconfig; name = Debug.xcconfig; path = Flutter/Debug.xcconfig; sourceTree = "<group>"; };
		9740EEB31CF90195004384FC /* Generated.xcconfig */ = {isa = PBXFileReference; fileEncoding = 4; lastKnownFileType = text.xcconfig; name = Generated.xcconfig; path = Flutter/Generated.xcconfig; sourceTree = "<group>"; };
		97C146EE1CF9000F007C117D /* Runner.app */ = {isa = PBXFileReference; explicitFileType = wrapper.application; includeInIndex = 0; path = Runner.app; sourceTree = BUILT_PRODUCTS_DIR; };
		97C146FB1CF9000F007C117D /* Base */ = {isa = PBXFileReference; lastKnownFileType = file.storyboard; name = Base; path = Base.lproj/Main.storyboard; sourceTree = "<group>"; };
		97C146FD1CF9000F007C117D /* Assets.xcassets */ = {isa = PBXFileReference; lastKnownFileType = folder.assetcatalog; path = Assets.xcassets; sourceTree = "<group>"; };
		97C147001CF9000F007C117D /* Base */ = {isa = PBXFileReference; lastKnownFileType = file.storyboard; name = Base; path = Base.lproj/LaunchScreen.storyboard; sourceTree = "<group>"; };
		97C147021CF9000F007C117D /* Info.plist */ = {isa = PBXFileReference; lastKnownFileType = text.plist.xml; path = Info.plist; sourceTree = "<group>"; };
		D9C11E1C9186AA045353357E /* Pods-RunnerTests.release.xcconfig */ = {isa = PBXFileReference; includeInIndex = 1; lastKnownFileType = text.xcconfig; name = "Pods-RunnerTests.release.xcconfig"; path = "Target Support Files/Pods-RunnerTests/Pods-RunnerTests.release.xcconfig"; sourceTree = "<group>"; };
		E2C18AAE393DFEDA6FA25CCC /* Pods-Runner.release.xcconfig */ = {isa = PBXFileReference; includeInIndex = 1; lastKnownFileType = text.xcconfig; name = "Pods-Runner.release.xcconfig"; path = "Target Support Files/Pods-Runner/Pods-Runner.release.xcconfig"; sourceTree = "<group>"; };
		E4D6B621A261089B59AB8C42 /* Pods_RunnerTests.framework */ = {isa = PBXFileReference; explicitFileType = wrapper.framework; includeInIndex = 0; path = Pods_RunnerTests.framework; sourceTree = BUILT_PRODUCTS_DIR; };
		F6B2858F06B8590A123C2BED /* Pods_Runner.framework */ = {isa = PBXFileReference; explicitFileType = wrapper.framework; includeInIndex = 0; path = Pods_Runner.framework; sourceTree = BUILT_PRODUCTS_DIR; };
/* End PBXFileReference section */

/* Begin PBXFrameworksBuildPhase section */
		0339ED2ED145AAF4A0EBB905 /* Frameworks */ = {
			isa = PBXFrameworksBuildPhase;
			buildActionMask = 2147483647;
			files = (
				E5EF3856C44F5FE49BFAD07D /* Pods_RunnerTests.framework in Frameworks */,
			);
			runOnlyForDeploymentPostprocessing = 0;
		};
		97C146EB1CF9000F007C117D /* Frameworks */ = {
			isa = PBXFrameworksBuildPhase;
			buildActionMask = 2147483647;
			files = (
				78A318202AECB46A00862997 /* FlutterGeneratedPluginSwiftPackage in Frameworks */,
				2CA483132FFC9D67000B822A /* JVSPlayerSDK.framework in Frameworks */,
				B36259320680A983BD2F15DD /* Pods_Runner.framework in Frameworks */,
				2C0D1A842FFCA9BF00F2E1E2 /* libPPCS_API.a in Frameworks */,
				2C0D19752FFCA8D400F2E1E2 /* JVSHttpRequstFrameWork.framework in Frameworks */,
				2C0D19722FFCA8CA00F2E1E2 /* JVSDeviceNetConfigComponent.framework in Frameworks */,
				2C0D196F2FFCA8BE00F2E1E2 /* JVSBasicToolFramework.framework in Frameworks */,
			);
			runOnlyForDeploymentPostprocessing = 0;
		};
/* End PBXFrameworksBuildPhase section */

/* Begin PBXGroup section */
		03FB9074D771CAFCF0573E66 /* Pods */ = {
			isa = PBXGroup;
			children = (
				3E61A0D65E0E833691FEAF87 /* Pods-Runner.debug.xcconfig */,
				E2C18AAE393DFEDA6FA25CCC /* Pods-Runner.release.xcconfig */,
				0DA246469962DF3D52DBFCED /* Pods-Runner.profile.xcconfig */,
				48999B8C6E8317DA93D8EF9B /* Pods-RunnerTests.debug.xcconfig */,
				D9C11E1C9186AA045353357E /* Pods-RunnerTests.release.xcconfig */,
				794E8CA640D1987D165B855E /* Pods-RunnerTests.profile.xcconfig */,
			);
			path = Pods;
			sourceTree = "<group>";
		};
		2C0D19532FFCA35A00F2E1E2 /* Camera */ = {
			isa = PBXGroup;
			children = (
				2C0D1A1A2FFCA9BF00F2E1E2 /* JVSBluetoothComponent */,
				2C0D1A5D2FFCA9BF00F2E1E2 /* JVSPlayerSDK */,
			);
			path = Camera;
			sourceTree = "<group>";
		};
		2C0D1A102FFCA9BF00F2E1E2 /* BabyBluetooth */ = {
			isa = PBXGroup;
			children = (
				2C0D19FE2FFCA9BF00F2E1E2 /* BabyBluetooth.h */,
				2C0D19FF2FFCA9BF00F2E1E2 /* BabyBluetooth.m */,
				2C0D1A002FFCA9BF00F2E1E2 /* BabyCallback.h */,
				2C0D1A012FFCA9BF00F2E1E2 /* BabyCallback.m */,
				2C0D1A022FFCA9BF00F2E1E2 /* BabyCentralManager.h */,
				2C0D1A032FFCA9BF00F2E1E2 /* BabyCentralManager.m */,
				2C0D1A042FFCA9BF00F2E1E2 /* BabyDefine.h */,
				2C0D1A052FFCA9BF00F2E1E2 /* BabyDefine.m */,
				2C0D1A062FFCA9BF00F2E1E2 /* BabyOptions.h */,
				2C0D1A072FFCA9BF00F2E1E2 /* BabyOptions.m */,
				2C0D1A082FFCA9BF00F2E1E2 /* BabyPeripheralManager.h */,
				2C0D1A092FFCA9BF00F2E1E2 /* BabyPeripheralManager.m */,
				2C0D1A0A2FFCA9BF00F2E1E2 /* BabyRhythm.h */,
				2C0D1A0B2FFCA9BF00F2E1E2 /* BabyRhythm.m */,
				2C0D1A0C2FFCA9BF00F2E1E2 /* BabySpeaker.h */,
				2C0D1A0D2FFCA9BF00F2E1E2 /* BabySpeaker.m */,
				2C0D1A0E2FFCA9BF00F2E1E2 /* BabyToy.h */,
				2C0D1A0F2FFCA9BF00F2E1E2 /* BabyToy.m */,
			);
			path = BabyBluetooth;
			sourceTree = "<group>";
		};
		2C0D1A1A2FFCA9BF00F2E1E2 /* JVSBluetoothComponent */ = {
			isa = PBXGroup;
			children = (
				2C0D1A102FFCA9BF00F2E1E2 /* BabyBluetooth */,
				2C0D1A112FFCA9BF00F2E1E2 /* JVSBluetoothManager.h */,
				2C0D1A122FFCA9BF00F2E1E2 /* JVSBluetoothManager.m */,
				2C0D1A132FFCA9BF00F2E1E2 /* SABleDataCoder.h */,
				2C0D1A142FFCA9BF00F2E1E2 /* SABleReadDataCoder.h */,
				2C0D1A152FFCA9BF00F2E1E2 /* SABleReadDataCoder.m */,
				2C0D1A162FFCA9BF00F2E1E2 /* SABleWriteDataCoder.h */,
				2C0D1A172FFCA9BF00F2E1E2 /* SABleWriteDataCoder.m */,
				2C0D1A182FFCA9BF00F2E1E2 /* SAPeripheralInfo.h */,
				2C0D1A192FFCA9BF00F2E1E2 /* SAPeripheralInfo.m */,
			);
			path = JVSBluetoothComponent;
			sourceTree = "<group>";
		};
		2C0D1A2A2FFCA9BF00F2E1E2 /* Network */ = {
			isa = PBXGroup;
			children = (
				2C0D1A1B2FFCA9BF00F2E1E2 /* JVSBaseRequest.h */,
				2C0D1A1C2FFCA9BF00F2E1E2 /* JVSBaseRequest.m */,
				2C0D1A1D2FFCA9BF00F2E1E2 /* JVSDataRequest.h */,
				2C0D1A1E2FFCA9BF00F2E1E2 /* JVSDataRequest.m */,
				2C0D1A1F2FFCA9BF00F2E1E2 /* JVSDefinesHeader.h */,
				2C0D1A202FFCA9BF00F2E1E2 /* JVSFrameInfo.h */,
				2C0D1A212FFCA9BF00F2E1E2 /* JVSFrameInfo.m */,
				2C0D1A222FFCA9BF00F2E1E2 /* JVSP2PSDKManager.h */,
				2C0D1A232FFCA9BF00F2E1E2 /* JVSP2PSDKManager.m */,
				2C0D1A242FFCA9BF00F2E1E2 /* JVSReadData.h */,
				2C0D1A252FFCA9BF00F2E1E2 /* JVSReadData.m */,
				2C0D1A262FFCA9BF00F2E1E2 /* JVSWriteData.h */,
				2C0D1A272FFCA9BF00F2E1E2 /* JVSWriteData.m */,
				2C0D1A282FFCA9BF00F2E1E2 /* NSError+JVSErrorData.h */,
				2C0D1A292FFCA9BF00F2E1E2 /* NSError+JVSErrorData.m */,
			);
			path = Network;
			sourceTree = "<group>";
		};
		2C0D1A2E2FFCA9BF00F2E1E2 /* Include */ = {
			isa = PBXGroup;
			children = (
				2C0D1A2B2FFCA9BF00F2E1E2 /* PPCS_API.h */,
				2C0D1A2C2FFCA9BF00F2E1E2 /* PPCS_Error.h */,
				2C0D1A2D2FFCA9BF00F2E1E2 /* PPCS_Type.h */,
			);
			path = Include;
			sourceTree = "<group>";
		};
		2C0D1A302FFCA9BF00F2E1E2 /* Lib */ = {
			isa = PBXGroup;
			children = (
				2C0D1A2F2FFCA9BF00F2E1E2 /* libPPCS_API.a */,
			);
			path = Lib;
			sourceTree = "<group>";
		};
		2C0D1A3D2FFCA9BF00F2E1E2 /* Model */ = {
			isa = PBXGroup;
			children = (
				2C0D1A312FFCA9BF00F2E1E2 /* CS2MutableArray.h */,
				2C0D1A322FFCA9BF00F2E1E2 /* CS2MutableArray.m */,
				2C0D1A332FFCA9BF00F2E1E2 /* DCSModel.h */,
				2C0D1A342FFCA9BF00F2E1E2 /* DCSModel.m */,
				2C0D1A352FFCA9BF00F2E1E2 /* DIDModel.h */,
				2C0D1A362FFCA9BF00F2E1E2 /* DIDModel.m */,
				2C0D1A372FFCA9BF00F2E1E2 /* SessionModel.h */,
				2C0D1A382FFCA9BF00F2E1E2 /* SessionModel.m */,
				2C0D1A392FFCA9BF00F2E1E2 /* UDPRecvEchoModel.h */,
				2C0D1A3A2FFCA9BF00F2E1E2 /* UDPRecvEchoModel.m */,
				2C0D1A3B2FFCA9BF00F2E1E2 /* WakeupQueryModel.h */,
				2C0D1A3C2FFCA9BF00F2E1E2 /* WakeupQueryModel.m */,
			);
			path = Model;
			sourceTree = "<group>";
		};
		2C0D1A442FFCA9BF00F2E1E2 /* Utils */ = {
			isa = PBXGroup;
			children = (
				2C0D1A3E2FFCA9BF00F2E1E2 /* NSData+HexExtension.h */,
				2C0D1A3F2FFCA9BF00F2E1E2 /* NSData+HexExtension.m */,
				2C0D1A402FFCA9BF00F2E1E2 /* NSString+HexExtension.h */,
				2C0D1A412FFCA9BF00F2E1E2 /* NSString+HexExtension.m */,
				2C0D1A422FFCA9BF00F2E1E2 /* P2PUtil.h */,
				2C0D1A432FFCA9BF00F2E1E2 /* P2PUtil.m */,
			);
			path = Utils;
			sourceTree = "<group>";
		};
		2C0D1A4A2FFCA9BF00F2E1E2 /* P2P */ = {
			isa = PBXGroup;
			children = (
				2C0D1A2E2FFCA9BF00F2E1E2 /* Include */,
				2C0D1A302FFCA9BF00F2E1E2 /* Lib */,
				2C0D1A3D2FFCA9BF00F2E1E2 /* Model */,
				2C0D1A442FFCA9BF00F2E1E2 /* Utils */,
				2C0D1A452FFCA9BF00F2E1E2 /* JVSSDKHeader.h */,
				2C0D1A462FFCA9BF00F2E1E2 /* P2PSDK.h */,
				2C0D1A472FFCA9BF00F2E1E2 /* P2PSDK.m */,
				2C0D1A482FFCA9BF00F2E1E2 /* P2PSDKHeader.h */,
				2C0D1A492FFCA9BF00F2E1E2 /* ToolsMacro.h */,
			);
			path = P2P;
			sourceTree = "<group>";
		};
		2C0D1A552FFCA9BF00F2E1E2 /* Tools */ = {
			isa = PBXGroup;
			children = (
				2C0D1A4B2FFCA9BF00F2E1E2 /* G711Coder.h */,
				2C0D1A4C2FFCA9BF00F2E1E2 /* G711Coder.m */,
				2C0D1A4D2FFCA9BF00F2E1E2 /* JVSDataLogManager.h */,
				2C0D1A4E2FFCA9BF00F2E1E2 /* JVSDataLogManager.m */,
				2C0D1A4F2FFCA9BF00F2E1E2 /* JVSFrameParser.h */,
				2C0D1A502FFCA9BF00F2E1E2 /* JVSFrameParser.m */,
				2C0D1A512FFCA9BF00F2E1E2 /* JVSP2PSendDataOperation.h */,
				2C0D1A522FFCA9BF00F2E1E2 /* JVSP2PSendDataOperation.m */,
				2C0D1A532FFCA9BF00F2E1E2 /* JVSRecorderManager.h */,
				2C0D1A542FFCA9BF00F2E1E2 /* JVSRecorderManager.m */,
			);
			path = Tools;
			sourceTree = "<group>";
		};
		2C0D1A5D2FFCA9BF00F2E1E2 /* JVSPlayerSDK */ = {
			isa = PBXGroup;
			children = (
				2C0D1A2A2FFCA9BF00F2E1E2 /* Network */,
				2C0D1A4A2FFCA9BF00F2E1E2 /* P2P */,
				2C0D1A552FFCA9BF00F2E1E2 /* Tools */,
				2C0D1A5A2FFCA9BF00F2E1E2 /* JVSP2PPlayer.h */,
				2C0D1A5B2FFCA9BF00F2E1E2 /* JVSP2PPlayer.m */,
				2C0D1A5C2FFCA9BF00F2E1E2 /* JVSSDKHeader.h */,
			);
			path = JVSPlayerSDK;
			sourceTree = "<group>";
		};
		331C8082294A63A400263BE5 /* RunnerTests */ = {
			isa = PBXGroup;
			children = (
				331C807B294A618700263BE5 /* RunnerTests.swift */,
			);
			path = RunnerTests;
			sourceTree = "<group>";
		};
		9740EEB11CF90186004384FC /* Flutter */ = {
			isa = PBXGroup;
			children = (
				78E0A7A72DC9AD7400C4905E /* FlutterGeneratedPluginSwiftPackage */,
				3B3967151E833CAA004F5970 /* AppFrameworkInfo.plist */,
				9740EEB21CF90195004384FC /* Debug.xcconfig */,
				7AFA3C8E1D35360C0083082E /* Release.xcconfig */,
				9740EEB31CF90195004384FC /* Generated.xcconfig */,
			);
			name = Flutter;
			sourceTree = "<group>";
		};
		97C146E51CF9000F007C117D = {
			isa = PBXGroup;
			children = (
				9740EEB11CF90186004384FC /* Flutter */,
				97C146F01CF9000F007C117D /* Runner */,
				97C146EF1CF9000F007C117D /* Products */,
				331C8082294A63A400263BE5 /* RunnerTests */,
				03FB9074D771CAFCF0573E66 /* Pods */,
				9D267AD5EB24BD3B7D61A5FE /* Frameworks */,
			);
			sourceTree = "<group>";
		};
		97C146EF1CF9000F007C117D /* Products */ = {
			isa = PBXGroup;
			children = (
				97C146EE1CF9000F007C117D /* Runner.app */,
				331C8081294A63A400263BE5 /* RunnerTests.xctest */,
			);
			name = Products;
			sourceTree = "<group>";
		};
		97C146F01CF9000F007C117D /* Runner */ = {
			isa = PBXGroup;
			children = (
				2C4B417A2FFCC7800072B602 /* AspenCameraHandler.swift */,
				2C4B417B2FFCC7800072B602 /* AspenCameraViewFactory.swift */,
				2C0D19532FFCA35A00F2E1E2 /* Camera */,
				97C146FA1CF9000F007C117D /* Main.storyboard */,
				97C146FD1CF9000F007C117D /* Assets.xcassets */,
				97C146FF1CF9000F007C117D /* LaunchScreen.storyboard */,
				97C147021CF9000F007C117D /* Info.plist */,
				1498D2321E8E86230040F4C2 /* GeneratedPluginRegistrant.h */,
				1498D2331E8E89220040F4C2 /* GeneratedPluginRegistrant.m */,
				74858FAE1ED2DC5600515810 /* AppDelegate.swift */,
				7884E8672EC3CC0400C636F2 /* SceneDelegate.swift */,
				74858FAD1ED2DC5600515810 /* Runner-Bridging-Header.h */,
			);
			path = Runner;
			sourceTree = "<group>";
		};
		9D267AD5EB24BD3B7D61A5FE /* Frameworks */ = {
			isa = PBXGroup;
			children = (
				2C0D19742FFCA8D400F2E1E2 /* JVSHttpRequstFrameWork.framework */,
				2C0D19712FFCA8CA00F2E1E2 /* JVSDeviceNetConfigComponent.framework */,
				2C0D196E2FFCA8BE00F2E1E2 /* JVSBasicToolFramework.framework */,
				2CA483122FFC9D67000B822A /* JVSPlayerSDK.framework */,
				F6B2858F06B8590A123C2BED /* Pods_Runner.framework */,
				E4D6B621A261089B59AB8C42 /* Pods_RunnerTests.framework */,
			);
			name = Frameworks;
			sourceTree = "<group>";
		};
/* End PBXGroup section */

/* Begin PBXNativeTarget section */
		331C8080294A63A400263BE5 /* RunnerTests */ = {
			isa = PBXNativeTarget;
			buildConfigurationList = 331C8087294A63A400263BE5 /* Build configuration list for PBXNativeTarget "RunnerTests" */;
			buildPhases = (
				1DA3D207AF75683E5BB15DB8 /* [CP] Check Pods Manifest.lock */,
				331C807D294A63A400263BE5 /* Sources */,
				331C807F294A63A400263BE5 /* Resources */,
				0339ED2ED145AAF4A0EBB905 /* Frameworks */,
			);
			buildRules = (
			);
			dependencies = (
				331C8086294A63A400263BE5 /* PBXTargetDependency */,
			);
			name = RunnerTests;
			productName = RunnerTests;
			productReference = 331C8081294A63A400263BE5 /* RunnerTests.xctest */;
			productType = "com.apple.product-type.bundle.unit-test";
		};
		97C146ED1CF9000F007C117D /* Runner */ = {
			isa = PBXNativeTarget;
			buildConfigurationList = 97C147051CF9000F007C117D /* Build configuration list for PBXNativeTarget "Runner" */;
			buildPhases = (
				AD4AB0A9F79E62CFACF4DD9F /* [CP] Check Pods Manifest.lock */,
				9740EEB61CF901F6004384FC /* Run Script */,
				97C146EA1CF9000F007C117D /* Sources */,
				97C146EB1CF9000F007C117D /* Frameworks */,
				97C146EC1CF9000F007C117D /* Resources */,
				9705A1C41CF9048500538489 /* Embed Frameworks */,
				3B06AD1E1E4923F5004D2608 /* Thin Binary */,
				18101DC3DD86D878160DF8A8 /* [CP] Embed Pods Frameworks */,
			);
			buildRules = (
			);
			dependencies = (
			);
			name = Runner;
			packageProductDependencies = (
				78A3181F2AECB46A00862997 /* FlutterGeneratedPluginSwiftPackage */,
			);
			productName = Runner;
			productReference = 97C146EE1CF9000F007C117D /* Runner.app */;
			productType = "com.apple.product-type.application";
		};
/* End PBXNativeTarget section */

/* Begin PBXProject section */
		97C146E61CF9000F007C117D /* Project object */ = {
			isa = PBXProject;
			attributes = {
				BuildIndependentTargetsInParallel = YES;
				LastUpgradeCheck = 1510;
				ORGANIZATIONNAME = "";
				TargetAttributes = {
					331C8080294A63A400263BE5 = {
						CreatedOnToolsVersion = 14.0;
						TestTargetID = 97C146ED1CF9000F007C117D;
					};
					97C146ED1CF9000F007C117D = {
						CreatedOnToolsVersion = 7.3.1;
						LastSwiftMigration = 1100;
					};
				};
			};
			buildConfigurationList = 97C146E91CF9000F007C117D /* Build configuration list for PBXProject "Runner" */;
			compatibilityVersion = "Xcode 9.3";
			developmentRegion = en;
			hasScannedForEncodings = 0;
			knownRegions = (
				en,
				Base,
			);
			mainGroup = 97C146E51CF9000F007C117D;
			packageReferences = (
				781AD8BC2B33823900A9FFBB /* XCLocalSwiftPackageReference "FlutterGeneratedPluginSwiftPackage" */,
			);
			productRefGroup = 97C146EF1CF9000F007C117D /* Products */;
			projectDirPath = "";
			projectRoot = "";
			targets = (
				97C146ED1CF9000F007C117D /* Runner */,
				331C8080294A63A400263BE5 /* RunnerTests */,
			);
		};
/* End PBXProject section */

/* Begin PBXResourcesBuildPhase section */
		331C807F294A63A400263BE5 /* Resources */ = {
			isa = PBXResourcesBuildPhase;
			buildActionMask = 2147483647;
			files = (
			);
			runOnlyForDeploymentPostprocessing = 0;
		};
		97C146EC1CF9000F007C117D /* Resources */ = {
			isa = PBXResourcesBuildPhase;
			buildActionMask = 2147483647;
			files = (
				97C147011CF9000F007C117D /* LaunchScreen.storyboard in Resources */,
				3B3967161E833CAA004F5970 /* AppFrameworkInfo.plist in Resources */,
				97C146FE1CF9000F007C117D /* Assets.xcassets in Resources */,
				97C146FC1CF9000F007C117D /* Main.storyboard in Resources */,
			);
			runOnlyForDeploymentPostprocessing = 0;
		};
/* End PBXResourcesBuildPhase section */

/* Begin PBXShellScriptBuildPhase section */
		18101DC3DD86D878160DF8A8 /* [CP] Embed Pods Frameworks */ = {
			isa = PBXShellScriptBuildPhase;
			buildActionMask = 2147483647;
			files = (
			);
			inputFileListPaths = (
				"${PODS_ROOT}/Target Support Files/Pods-Runner/Pods-Runner-frameworks-${CONFIGURATION}-input-files.xcfilelist",
			);
			name = "[CP] Embed Pods Frameworks";
			outputFileListPaths = (
				"${PODS_ROOT}/Target Support Files/Pods-Runner/Pods-Runner-frameworks-${CONFIGURATION}-output-files.xcfilelist",
			);
			runOnlyForDeploymentPostprocessing = 0;
			shellPath = /bin/sh;
			shellScript = "\"${PODS_ROOT}/Target Support Files/Pods-Runner/Pods-Runner-frameworks.sh\"\n";
			showEnvVarsInLog = 0;
		};
		1DA3D207AF75683E5BB15DB8 /* [CP] Check Pods Manifest.lock */ = {
			isa = PBXShellScriptBuildPhase;
			buildActionMask = 2147483647;
			files = (
			);
			inputFileListPaths = (
			);
			inputPaths = (
				"${PODS_PODFILE_DIR_PATH}/Podfile.lock",
				"${PODS_ROOT}/Manifest.lock",
			);
			name = "[CP] Check Pods Manifest.lock";
			outputFileListPaths = (
			);
			outputPaths = (
				"$(DERIVED_FILE_DIR)/Pods-RunnerTests-checkManifestLockResult.txt",
			);
			runOnlyForDeploymentPostprocessing = 0;
			shellPath = /bin/sh;
			shellScript = "diff \"${PODS_PODFILE_DIR_PATH}/Podfile.lock\" \"${PODS_ROOT}/Manifest.lock\" > /dev/null\nif [ $? != 0 ] ; then\n    # print error to STDERR\n    echo \"error: The sandbox is not in sync with the Podfile.lock. Run 'pod install' or update your CocoaPods installation.\" >&2\n    exit 1\nfi\n# This output is used by Xcode 'outputs' to avoid re-running this script phase.\necho \"SUCCESS\" > \"${SCRIPT_OUTPUT_FILE_0}\"\n";
			showEnvVarsInLog = 0;
		};
		3B06AD1E1E4923F5004D2608 /* Thin Binary */ = {
			isa = PBXShellScriptBuildPhase;
			alwaysOutOfDate = 1;
			buildActionMask = 2147483647;
			files = (
			);
			inputPaths = (
				"${TARGET_BUILD_DIR}/${INFOPLIST_PATH}",
			);
			name = "Thin Binary";
			outputPaths = (
			);
			runOnlyForDeploymentPostprocessing = 0;
			shellPath = /bin/sh;
			shellScript = "/bin/sh \"$FLUTTER_ROOT/packages/flutter_tools/bin/xcode_backend.sh\" embed_and_thin";
		};
		9740EEB61CF901F6004384FC /* Run Script */ = {
			isa = PBXShellScriptBuildPhase;
			alwaysOutOfDate = 1;
			buildActionMask = 2147483647;
			files = (
			);
			inputPaths = (
			);
			name = "Run Script";
			outputPaths = (
			);
			runOnlyForDeploymentPostprocessing = 0;
			shellPath = /bin/sh;
			shellScript = "/bin/sh \"$FLUTTER_ROOT/packages/flutter_tools/bin/xcode_backend.sh\" build";
		};
		AD4AB0A9F79E62CFACF4DD9F /* [CP] Check Pods Manifest.lock */ = {
			isa = PBXShellScriptBuildPhase;
			buildActionMask = 2147483647;
			files = (
			);
			inputFileListPaths = (
			);
			inputPaths = (
				"${PODS_PODFILE_DIR_PATH}/Podfile.lock",
				"${PODS_ROOT}/Manifest.lock",
			);
			name = "[CP] Check Pods Manifest.lock";
			outputFileListPaths = (
			);
			outputPaths = (
				"$(DERIVED_FILE_DIR)/Pods-Runner-checkManifestLockResult.txt",
			);
			runOnlyForDeploymentPostprocessing = 0;
			shellPath = /bin/sh;
			shellScript = "diff \"${PODS_PODFILE_DIR_PATH}/Podfile.lock\" \"${PODS_ROOT}/Manifest.lock\" > /dev/null\nif [ $? != 0 ] ; then\n    # print error to STDERR\n    echo \"error: The sandbox is not in sync with the Podfile.lock. Run 'pod install' or update your CocoaPods installation.\" >&2\n    exit 1\nfi\n# This output is used by Xcode 'outputs' to avoid re-running this script phase.\necho \"SUCCESS\" > \"${SCRIPT_OUTPUT_FILE_0}\"\n";
			showEnvVarsInLog = 0;
		};
/* End PBXShellScriptBuildPhase section */

/* Begin PBXSourcesBuildPhase section */
		331C807D294A63A400263BE5 /* Sources */ = {
			isa = PBXSourcesBuildPhase;
			buildActionMask = 2147483647;
			files = (
				331C808B294A63AB00263BE5 /* RunnerTests.swift in Sources */,
			);
			runOnlyForDeploymentPostprocessing = 0;
		};
		97C146EA1CF9000F007C117D /* Sources */ = {
			isa = PBXSourcesBuildPhase;
			buildActionMask = 2147483647;
			files = (
				74858FAF1ED2DC5600515810 /* AppDelegate.swift in Sources */,
				1498D2341E8E89220040F4C2 /* GeneratedPluginRegistrant.m in Sources */,
				7884E8682EC3CC0700C636F2 /* SceneDelegate.swift in Sources */,
				2C0D1A5E2FFCA9BF00F2E1E2 /* P2PSDK.m in Sources */,
				2C0D1A602FFCA9BF00F2E1E2 /* BabyPeripheralManager.m in Sources */,
				2C0D1A612FFCA9BF00F2E1E2 /* BabyRhythm.m in Sources */,
				2C0D1A622FFCA9BF00F2E1E2 /* NSData+HexExtension.m in Sources */,
				2C0D1A632FFCA9BF00F2E1E2 /* SABleWriteDataCoder.m in Sources */,
				2C0D1A642FFCA9BF00F2E1E2 /* BabySpeaker.m in Sources */,
				2C0D1A652FFCA9BF00F2E1E2 /* JVSRecorderManager.m in Sources */,
				2C0D1A672FFCA9BF00F2E1E2 /* BabyOptions.m in Sources */,
				2C4B417C2FFCC7800072B602 /* AspenCameraHandler.swift in Sources */,
				2C4B417D2FFCC7800072B602 /* AspenCameraViewFactory.swift in Sources */,
				2C0D1A682FFCA9BF00F2E1E2 /* BabyCallback.m in Sources */,
				2C0D1A692FFCA9BF00F2E1E2 /* JVSDataLogManager.m in Sources */,
				2C0D1A6A2FFCA9BF00F2E1E2 /* JVSWriteData.m in Sources */,
				2C0D1A6B2FFCA9BF00F2E1E2 /* JVSP2PPlayer.m in Sources */,
				2C0D1A6C2FFCA9BF00F2E1E2 /* SAPeripheralInfo.m in Sources */,
				2C0D1A6D2FFCA9BF00F2E1E2 /* JVSFrameInfo.m in Sources */,
				2C0D1A6E2FFCA9BF00F2E1E2 /* BabyBluetooth.m in Sources */,
				2C0D1A6F2FFCA9BF00F2E1E2 /* SessionModel.m in Sources */,
				2C0D1A702FFCA9BF00F2E1E2 /* NSString+HexExtension.m in Sources */,
				2C0D1A712FFCA9BF00F2E1E2 /* SABleReadDataCoder.m in Sources */,
				2C0D1A722FFCA9BF00F2E1E2 /* BabyCentralManager.m in Sources */,
				2C0D1A732FFCA9BF00F2E1E2 /* BabyToy.m in Sources */,
				2C0D1A742FFCA9BF00F2E1E2 /* BabyDefine.m in Sources */,
				2C0D1A752FFCA9BF00F2E1E2 /* JVSBluetoothManager.m in Sources */,
				2C0D1A762FFCA9BF00F2E1E2 /* WakeupQueryModel.m in Sources */,
				2C0D1A772FFCA9BF00F2E1E2 /* UDPRecvEchoModel.m in Sources */,
				2C0D1A782FFCA9BF00F2E1E2 /* P2PUtil.m in Sources */,
				2C0D1A792FFCA9BF00F2E1E2 /* G711Coder.m in Sources */,
				2C0D1A7A2FFCA9BF00F2E1E2 /* CS2MutableArray.m in Sources */,
				2C0D1A7B2FFCA9BF00F2E1E2 /* NSError+JVSErrorData.m in Sources */,
				2C0D1A7C2FFCA9BF00F2E1E2 /* JVSFrameParser.m in Sources */,
				2C0D1A7D2FFCA9BF00F2E1E2 /* JVSDataRequest.m in Sources */,
				2C0D1A7E2FFCA9BF00F2E1E2 /* DCSModel.m in Sources */,
				2C0D1A7F2FFCA9BF00F2E1E2 /* JVSP2PSDKManager.m in Sources */,
				2C0D1A802FFCA9BF00F2E1E2 /* DIDModel.m in Sources */,
				2C0D1A812FFCA9BF00F2E1E2 /* JVSReadData.m in Sources */,
				2C0D1A822FFCA9BF00F2E1E2 /* JVSBaseRequest.m in Sources */,
				2C0D1A832FFCA9BF00F2E1E2 /* JVSP2PSendDataOperation.m in Sources */,
			);
			runOnlyForDeploymentPostprocessing = 0;
		};
/* End PBXSourcesBuildPhase section */

/* Begin PBXTargetDependency section */
		331C8086294A63A400263BE5 /* PBXTargetDependency */ = {
			isa = PBXTargetDependency;
			target = 97C146ED1CF9000F007C117D /* Runner */;
			targetProxy = 331C8085294A63A400263BE5 /* PBXContainerItemProxy */;
		};
/* End PBXTargetDependency section */

/* Begin PBXVariantGroup section */
		97C146FA1CF9000F007C117D /* Main.storyboard */ = {
			isa = PBXVariantGroup;
			children = (
				97C146FB1CF9000F007C117D /* Base */,
			);
			name = Main.storyboard;
			sourceTree = "<group>";
		};
		97C146FF1CF9000F007C117D /* LaunchScreen.storyboard */ = {
			isa = PBXVariantGroup;
			children = (
				97C147001CF9000F007C117D /* Base */,
			);
			name = LaunchScreen.storyboard;
			sourceTree = "<group>";
		};
/* End PBXVariantGroup section */

/* Begin XCBuildConfiguration section */
		249021D3217E4FDB00AE95B9 /* Profile */ = {
			isa = XCBuildConfiguration;
			buildSettings = {
				ALWAYS_SEARCH_USER_PATHS = NO;
				ASSETCATALOG_COMPILER_GENERATE_SWIFT_ASSET_SYMBOL_EXTENSIONS = YES;
				CLANG_ANALYZER_NONNULL = YES;
				CLANG_CXX_LANGUAGE_STANDARD = "gnu++0x";
				CLANG_CXX_LIBRARY = "libc++";
				CLANG_ENABLE_MODULES = YES;
				CLANG_ENABLE_OBJC_ARC = YES;
				CLANG_WARN_BLOCK_CAPTURE_AUTORELEASING = YES;
				CLANG_WARN_BOOL_CONVERSION = YES;
				CLANG_WARN_COMMA = YES;
				CLANG_WARN_CONSTANT_CONVERSION = YES;
				CLANG_WARN_DEPRECATED_OBJC_IMPLEMENTATIONS = YES;
				CLANG_WARN_DIRECT_OBJC_ISA_USAGE = YES_ERROR;
				CLANG_WARN_EMPTY_BODY = YES;
				CLANG_WARN_ENUM_CONVERSION = YES;
				CLANG_WARN_INFINITE_RECURSION = YES;
				CLANG_WARN_INT_CONVERSION = YES;
				CLANG_WARN_NON_LITERAL_NULL_CONVERSION = YES;
				CLANG_WARN_OBJC_IMPLICIT_RETAIN_SELF = YES;
				CLANG_WARN_OBJC_LITERAL_CONVERSION = YES;
				CLANG_WARN_OBJC_ROOT_CLASS = YES_ERROR;
				CLANG_WARN_RANGE_LOOP_ANALYSIS = YES;
				CLANG_WARN_STRICT_PROTOTYPES = YES;
				CLANG_WARN_SUSPICIOUS_MOVE = YES;
				CLANG_WARN_UNREACHABLE_CODE = YES;
				CLANG_WARN__DUPLICATE_METHOD_MATCH = YES;
				"CODE_SIGN_IDENTITY[sdk=iphoneos*]" = "iPhone Developer";
				COPY_PHASE_STRIP = NO;
				DEBUG_INFORMATION_FORMAT = "dwarf-with-dsym";
				ENABLE_NS_ASSERTIONS = NO;
				ENABLE_STRICT_OBJC_MSGSEND = YES;
				ENABLE_USER_SCRIPT_SANDBOXING = NO;
				GCC_C_LANGUAGE_STANDARD = gnu99;
				GCC_NO_COMMON_BLOCKS = YES;
				GCC_PRECOMPILE_PREFIX_HEADER = YES;
				GCC_PREFIX_HEADER = "Runner/JVSPlayerSDK-Prefix.pch";
				GCC_WARN_64_TO_32_BIT_CONVERSION = YES;
				GCC_WARN_ABOUT_RETURN_TYPE = YES_ERROR;
				GCC_WARN_UNDECLARED_SELECTOR = YES;
				GCC_WARN_UNINITIALIZED_AUTOS = YES_AGGRESSIVE;
				GCC_WARN_UNUSED_FUNCTION = YES;
				GCC_WARN_UNUSED_VARIABLE = YES;
				IPHONEOS_DEPLOYMENT_TARGET = 13.0;
				MTL_ENABLE_DEBUG_INFO = NO;
				SDKROOT = iphoneos;
				SUPPORTED_PLATFORMS = iphoneos;
				TARGETED_DEVICE_FAMILY = "1,2";
				VALIDATE_PRODUCT = YES;
			};
			name = Profile;
		};
		249021D4217E4FDB00AE95B9 /* Profile */ = {
			isa = XCBuildConfiguration;
			baseConfigurationReference = 7AFA3C8E1D35360C0083082E /* Release.xcconfig */;
			buildSettings = {
				ASSETCATALOG_COMPILER_APPICON_NAME = AppIcon;
				CLANG_ENABLE_MODULES = YES;
				CURRENT_PROJECT_VERSION = "$(FLUTTER_BUILD_NUMBER)";
				DEVELOPMENT_TEAM = CXZXV3QU97;
				ENABLE_BITCODE = NO;
				FRAMEWORK_SEARCH_PATHS = (
					"$(inherited)",
					"$(PROJECT_DIR)/Frameworks",
				);
				GCC_PRECOMPILE_PREFIX_HEADER = YES;
				GCC_PREFIX_HEADER = "Runner/JVSPlayerSDK-Prefix.pch";
				HEADER_SEARCH_PATHS = (
					"$(PROJECT_DIR)/Runner/Camera/JVSPlayerSDK",
					"$(PROJECT_DIR)/Frameworks/JVSPlayerSDK.framework/Headers",
					"$(PROJECT_DIR)/Runner/Camera/JVSPlayerSDK/**",
				);
				INFOPLIST_FILE = Runner/Info.plist;
				LD_RUNPATH_SEARCH_PATHS = (
					"$(inherited)",
					"@executable_path/Frameworks",
				);
				LIBRARY_SEARCH_PATHS = (
					"$(inherited)",
					"$(PROJECT_DIR)/Runner/Camera\\ 2/JVSPlayerSDK/P2P/Lib",
					"$(PROJECT_DIR)/Runner/Camera/JVSPlayerSDK/P2P/Lib",
					"$(PROJECT_DIR)/Runner/Camera/JVSPlayerSDK\\ 2/P2P/Lib",
				);
				OTHER_LDFLAGS = "-ObjC";
				PRODUCT_BUNDLE_IDENTIFIER = com.niu.flyguy;
				PRODUCT_NAME = "$(TARGET_NAME)";
				SWIFT_OBJC_BRIDGING_HEADER = "Runner/Runner-Bridging-Header.h";
				SWIFT_VERSION = 5.0;
				VERSIONING_SYSTEM = "apple-generic";
			};
			name = Profile;
		};
		331C8088294A63A400263BE5 /* Debug */ = {
			isa = XCBuildConfiguration;
			baseConfigurationReference = 48999B8C6E8317DA93D8EF9B /* Pods-RunnerTests.debug.xcconfig */;
			buildSettings = {
				BUNDLE_LOADER = "$(TEST_HOST)";
				CODE_SIGN_STYLE = Automatic;
				CURRENT_PROJECT_VERSION = 1;
				GCC_PRECOMPILE_PREFIX_HEADER = YES;
				GCC_PREFIX_HEADER = "Runner/JVSPlayerSDK-Prefix.pch";
				GENERATE_INFOPLIST_FILE = YES;
				MARKETING_VERSION = 1.0;
				PRODUCT_BUNDLE_IDENTIFIER = com.niu.flyguy.RunnerTests;
				PRODUCT_NAME = "$(TARGET_NAME)";
				SWIFT_ACTIVE_COMPILATION_CONDITIONS = DEBUG;
				SWIFT_OPTIMIZATION_LEVEL = "-Onone";
				SWIFT_VERSION = 5.0;
				TEST_HOST = "$(BUILT_PRODUCTS_DIR)/Runner.app/$(BUNDLE_EXECUTABLE_FOLDER_PATH)/Runner";
			};
			name = Debug;
		};
		331C8089294A63A400263BE5 /* Release */ = {
			isa = XCBuildConfiguration;
			baseConfigurationReference = D9C11E1C9186AA045353357E /* Pods-RunnerTests.release.xcconfig */;
			buildSettings = {
				BUNDLE_LOADER = "$(TEST_HOST)";
				CODE_SIGN_STYLE = Automatic;
				CURRENT_PROJECT_VERSION = 1;
				GCC_PRECOMPILE_PREFIX_HEADER = YES;
				GCC_PREFIX_HEADER = "Runner/JVSPlayerSDK-Prefix.pch";
				GENERATE_INFOPLIST_FILE = YES;
				MARKETING_VERSION = 1.0;
				PRODUCT_BUNDLE_IDENTIFIER = com.niu.flyguy.RunnerTests;
				PRODUCT_NAME = "$(TARGET_NAME)";
				SWIFT_VERSION = 5.0;
				TEST_HOST = "$(BUILT_PRODUCTS_DIR)/Runner.app/$(BUNDLE_EXECUTABLE_FOLDER_PATH)/Runner";
			};
			name = Release;
		};
		331C808A294A63A400263BE5 /* Profile */ = {
			isa = XCBuildConfiguration;
			baseConfigurationReference = 794E8CA640D1987D165B855E /* Pods-RunnerTests.profile.xcconfig */;
			buildSettings = {
				BUNDLE_LOADER = "$(TEST_HOST)";
				CODE_SIGN_STYLE = Automatic;
				CURRENT_PROJECT_VERSION = 1;
				GCC_PRECOMPILE_PREFIX_HEADER = YES;
				GCC_PREFIX_HEADER = "Runner/JVSPlayerSDK-Prefix.pch";
				GENERATE_INFOPLIST_FILE = YES;
				MARKETING_VERSION = 1.0;
				PRODUCT_BUNDLE_IDENTIFIER = com.niu.flyguy.RunnerTests;
				PRODUCT_NAME = "$(TARGET_NAME)";
				SWIFT_VERSION = 5.0;
				TEST_HOST = "$(BUILT_PRODUCTS_DIR)/Runner.app/$(BUNDLE_EXECUTABLE_FOLDER_PATH)/Runner";
			};
			name = Profile;
		};
		97C147031CF9000F007C117D /* Debug */ = {
			isa = XCBuildConfiguration;
			buildSettings = {
				ALWAYS_SEARCH_USER_PATHS = NO;
				ASSETCATALOG_COMPILER_GENERATE_SWIFT_ASSET_SYMBOL_EXTENSIONS = YES;
				CLANG_ANALYZER_NONNULL = YES;
				CLANG_CXX_LANGUAGE_STANDARD = "gnu++0x";
				CLANG_CXX_LIBRARY = "libc++";
				CLANG_ENABLE_MODULES = YES;
				CLANG_ENABLE_OBJC_ARC = YES;
				CLANG_WARN_BLOCK_CAPTURE_AUTORELEASING = YES;
				CLANG_WARN_BOOL_CONVERSION = YES;
				CLANG_WARN_COMMA = YES;
				CLANG_WARN_CONSTANT_CONVERSION = YES;
				CLANG_WARN_DEPRECATED_OBJC_IMPLEMENTATIONS = YES;
				CLANG_WARN_DIRECT_OBJC_ISA_USAGE = YES_ERROR;
				CLANG_WARN_EMPTY_BODY = YES;
				CLANG_WARN_ENUM_CONVERSION = YES;
				CLANG_WARN_INFINITE_RECURSION = YES;
				CLANG_WARN_INT_CONVERSION = YES;
				CLANG_WARN_NON_LITERAL_NULL_CONVERSION = YES;
				CLANG_WARN_OBJC_IMPLICIT_RETAIN_SELF = YES;
				CLANG_WARN_OBJC_LITERAL_CONVERSION = YES;
				CLANG_WARN_OBJC_ROOT_CLASS = YES_ERROR;
				CLANG_WARN_RANGE_LOOP_ANALYSIS = YES;
				CLANG_WARN_STRICT_PROTOTYPES = YES;
				CLANG_WARN_SUSPICIOUS_MOVE = YES;
				CLANG_WARN_UNREACHABLE_CODE = YES;
				CLANG_WARN__DUPLICATE_METHOD_MATCH = YES;
				"CODE_SIGN_IDENTITY[sdk=iphoneos*]" = "iPhone Developer";
				COPY_PHASE_STRIP = NO;
				DEBUG_INFORMATION_FORMAT = dwarf;
				ENABLE_STRICT_OBJC_MSGSEND = YES;
				ENABLE_TESTABILITY = YES;
				ENABLE_USER_SCRIPT_SANDBOXING = NO;
				GCC_C_LANGUAGE_STANDARD = gnu99;
				GCC_DYNAMIC_NO_PIC = NO;
				GCC_NO_COMMON_BLOCKS = YES;
				GCC_OPTIMIZATION_LEVEL = 0;
				GCC_PRECOMPILE_PREFIX_HEADER = YES;
				GCC_PREFIX_HEADER = "Runner/JVSPlayerSDK-Prefix.pch";
				GCC_PREPROCESSOR_DEFINITIONS = (
					"DEBUG=1",
					"$(inherited)",
				);
				GCC_WARN_64_TO_32_BIT_CONVERSION = YES;
				GCC_WARN_ABOUT_RETURN_TYPE = YES_ERROR;
				GCC_WARN_UNDECLARED_SELECTOR = YES;
				GCC_WARN_UNINITIALIZED_AUTOS = YES_AGGRESSIVE;
				GCC_WARN_UNUSED_FUNCTION = YES;
				GCC_WARN_UNUSED_VARIABLE = YES;
				IPHONEOS_DEPLOYMENT_TARGET = 13.0;
				MTL_ENABLE_DEBUG_INFO = YES;
				ONLY_ACTIVE_ARCH = YES;
				SDKROOT = iphoneos;
				TARGETED_DEVICE_FAMILY = "1,2";
			};
			name = Debug;
		};
		97C147041CF9000F007C117D /* Release */ = {
			isa = XCBuildConfiguration;
			buildSettings = {
				ALWAYS_SEARCH_USER_PATHS = NO;
				ASSETCATALOG_COMPILER_GENERATE_SWIFT_ASSET_SYMBOL_EXTENSIONS = YES;
				CLANG_ANALYZER_NONNULL = YES;
				CLANG_CXX_LANGUAGE_STANDARD = "gnu++0x";
				CLANG_CXX_LIBRARY = "libc++";
				CLANG_ENABLE_MODULES = YES;
				CLANG_ENABLE_OBJC_ARC = YES;
				CLANG_WARN_BLOCK_CAPTURE_AUTORELEASING = YES;
				CLANG_WARN_BOOL_CONVERSION = YES;
				CLANG_WARN_COMMA = YES;
				CLANG_WARN_CONSTANT_CONVERSION = YES;
				CLANG_WARN_DEPRECATED_OBJC_IMPLEMENTATIONS = YES;
				CLANG_WARN_DIRECT_OBJC_ISA_USAGE = YES_ERROR;
				CLANG_WARN_EMPTY_BODY = YES;
				CLANG_WARN_ENUM_CONVERSION = YES;
				CLANG_WARN_INFINITE_RECURSION = YES;
				CLANG_WARN_INT_CONVERSION = YES;
				CLANG_WARN_NON_LITERAL_NULL_CONVERSION = YES;
				CLANG_WARN_OBJC_IMPLICIT_RETAIN_SELF = YES;
				CLANG_WARN_OBJC_LITERAL_CONVERSION = YES;
				CLANG_WARN_OBJC_ROOT_CLASS = YES_ERROR;
				CLANG_WARN_RANGE_LOOP_ANALYSIS = YES;
				CLANG_WARN_STRICT_PROTOTYPES = YES;
				CLANG_WARN_SUSPICIOUS_MOVE = YES;
				CLANG_WARN_UNREACHABLE_CODE = YES;
				CLANG_WARN__DUPLICATE_METHOD_MATCH = YES;
				"CODE_SIGN_IDENTITY[sdk=iphoneos*]" = "iPhone Developer";
				COPY_PHASE_STRIP = NO;
				DEBUG_INFORMATION_FORMAT = "dwarf-with-dsym";
				ENABLE_NS_ASSERTIONS = NO;
				ENABLE_STRICT_OBJC_MSGSEND = YES;
				ENABLE_USER_SCRIPT_SANDBOXING = NO;
				GCC_C_LANGUAGE_STANDARD = gnu99;
				GCC_NO_COMMON_BLOCKS = YES;
				GCC_PRECOMPILE_PREFIX_HEADER = YES;
				GCC_PREFIX_HEADER = "Runner/JVSPlayerSDK-Prefix.pch";
				GCC_WARN_64_TO_32_BIT_CONVERSION = YES;
				GCC_WARN_ABOUT_RETURN_TYPE = YES_ERROR;
				GCC_WARN_UNDECLARED_SELECTOR = YES;
				GCC_WARN_UNINITIALIZED_AUTOS = YES_AGGRESSIVE;
				GCC_WARN_UNUSED_FUNCTION = YES;
				GCC_WARN_UNUSED_VARIABLE = YES;
				IPHONEOS_DEPLOYMENT_TARGET = 13.0;
				MTL_ENABLE_DEBUG_INFO = NO;
				SDKROOT = iphoneos;
				SUPPORTED_PLATFORMS = iphoneos;
				SWIFT_COMPILATION_MODE = wholemodule;
				SWIFT_OPTIMIZATION_LEVEL = "-O";
				TARGETED_DEVICE_FAMILY = "1,2";
				VALIDATE_PRODUCT = YES;
			};
			name = Release;
		};
		97C147061CF9000F007C117D /* Debug */ = {
			isa = XCBuildConfiguration;
			baseConfigurationReference = 9740EEB21CF90195004384FC /* Debug.xcconfig */;
			buildSettings = {
				ASSETCATALOG_COMPILER_APPICON_NAME = AppIcon;
				CLANG_ENABLE_MODULES = YES;
				CURRENT_PROJECT_VERSION = "$(FLUTTER_BUILD_NUMBER)";
				DEVELOPMENT_TEAM = CXZXV3QU97;
				ENABLE_BITCODE = NO;
				FRAMEWORK_SEARCH_PATHS = (
					"$(inherited)",
					"$(PROJECT_DIR)/Frameworks",
				);
				GCC_PRECOMPILE_PREFIX_HEADER = YES;
				GCC_PREFIX_HEADER = "Runner/JVSPlayerSDK-Prefix.pch";
				GCC_PREPROCESSOR_DEFINITIONS = (
					"$(inherited)",
					"COCOAPODS=1",
					"LINUX=1",
				);
				HEADER_SEARCH_PATHS = (
					"$(PROJECT_DIR)/Runner/Camera/JVSPlayerSDK",
					"$(PROJECT_DIR)/Frameworks/JVSPlayerSDK.framework/Headers",
					"$(PROJECT_DIR)/Runner/Camera/JVSPlayerSDK/**",
				);
				INFOPLIST_FILE = Runner/Info.plist;
				LD_RUNPATH_SEARCH_PATHS = (
					"$(inherited)",
					"@executable_path/Frameworks",
				);
				LIBRARY_SEARCH_PATHS = (
					"$(inherited)",
					"$(PROJECT_DIR)/Runner/Camera\\ 2/JVSPlayerSDK/P2P/Lib",
					"$(PROJECT_DIR)/Runner/Camera/JVSPlayerSDK/P2P/Lib",
					"$(PROJECT_DIR)/Runner/Camera/JVSPlayerSDK\\ 2/P2P/Lib",
				);
				OTHER_LDFLAGS = "-ObjC";
				PRODUCT_BUNDLE_IDENTIFIER = com.niu.flyguy;
				PRODUCT_NAME = "$(TARGET_NAME)";
				SWIFT_OBJC_BRIDGING_HEADER = "Runner/Runner-Bridging-Header.h";
				SWIFT_OPTIMIZATION_LEVEL = "-Onone";
				SWIFT_VERSION = 5.0;
				VERSIONING_SYSTEM = "apple-generic";
			};
			name = Debug;
		};
		97C147071CF9000F007C117D /* Release */ = {
			isa = XCBuildConfiguration;
			baseConfigurationReference = 7AFA3C8E1D35360C0083082E /* Release.xcconfig */;
			buildSettings = {
				ASSETCATALOG_COMPILER_APPICON_NAME = AppIcon;
				CLANG_ENABLE_MODULES = YES;
				CURRENT_PROJECT_VERSION = "$(FLUTTER_BUILD_NUMBER)";
				DEVELOPMENT_TEAM = CXZXV3QU97;
				ENABLE_BITCODE = NO;
				FRAMEWORK_SEARCH_PATHS = (
					"$(inherited)",
					"$(PROJECT_DIR)/Frameworks",
				);
				GCC_PRECOMPILE_PREFIX_HEADER = YES;
				GCC_PREFIX_HEADER = "Runner/JVSPlayerSDK-Prefix.pch";
				HEADER_SEARCH_PATHS = (
					"$(PROJECT_DIR)/Runner/Camera/JVSPlayerSDK",
					"$(PROJECT_DIR)/Frameworks/JVSPlayerSDK.framework/Headers",
					"$(PROJECT_DIR)/Runner/Camera/JVSPlayerSDK/**",
				);
				INFOPLIST_FILE = Runner/Info.plist;
				LD_RUNPATH_SEARCH_PATHS = (
					"$(inherited)",
					"@executable_path/Frameworks",
				);
				LIBRARY_SEARCH_PATHS = (
					"$(inherited)",
					"$(PROJECT_DIR)/Runner/Camera\\ 2/JVSPlayerSDK/P2P/Lib",
					"$(PROJECT_DIR)/Runner/Camera/JVSPlayerSDK/P2P/Lib",
					"$(PROJECT_DIR)/Runner/Camera/JVSPlayerSDK\\ 2/P2P/Lib",
				);
				OTHER_LDFLAGS = "-ObjC";
				PRODUCT_BUNDLE_IDENTIFIER = com.niu.flyguy;
				PRODUCT_NAME = "$(TARGET_NAME)";
				SWIFT_OBJC_BRIDGING_HEADER = "Runner/Runner-Bridging-Header.h";
				SWIFT_VERSION = 5.0;
				VERSIONING_SYSTEM = "apple-generic";
			};
			name = Release;
		};
/* End XCBuildConfiguration section */

/* Begin XCConfigurationList section */
		331C8087294A63A400263BE5 /* Build configuration list for PBXNativeTarget "RunnerTests" */ = {
			isa = XCConfigurationList;
			buildConfigurations = (
				331C8088294A63A400263BE5 /* Debug */,
				331C8089294A63A400263BE5 /* Release */,
				331C808A294A63A400263BE5 /* Profile */,
			);
			defaultConfigurationIsVisible = 0;
			defaultConfigurationName = Release;
		};
		97C146E91CF9000F007C117D /* Build configuration list for PBXProject "Runner" */ = {
			isa = XCConfigurationList;
			buildConfigurations = (
				97C147031CF9000F007C117D /* Debug */,
				97C147041CF9000F007C117D /* Release */,
				249021D3217E4FDB00AE95B9 /* Profile */,
			);
			defaultConfigurationIsVisible = 0;
			defaultConfigurationName = Release;
		};
		97C147051CF9000F007C117D /* Build configuration list for PBXNativeTarget "Runner" */ = {
			isa = XCConfigurationList;
			buildConfigurations = (
				97C147061CF9000F007C117D /* Debug */,
				97C147071CF9000F007C117D /* Release */,
				249021D4217E4FDB00AE95B9 /* Profile */,
			);
			defaultConfigurationIsVisible = 0;
			defaultConfigurationName = Release;
		};
/* End XCConfigurationList section */

/* Begin XCLocalSwiftPackageReference section */
		781AD8BC2B33823900A9FFBB /* XCLocalSwiftPackageReference "FlutterGeneratedPluginSwiftPackage" */ = {
			isa = XCLocalSwiftPackageReference;
			relativePath = Flutter/ephemeral/Packages/FlutterGeneratedPluginSwiftPackage;
		};
/* End XCLocalSwiftPackageReference section */

/* Begin XCSwiftPackageProductDependency section */
		78A3181F2AECB46A00862997 /* FlutterGeneratedPluginSwiftPackage */ = {
			isa = XCSwiftPackageProductDependency;
			productName = FlutterGeneratedPluginSwiftPackage;
		};
/* End XCSwiftPackageProductDependency section */
	};
	rootObject = 97C146E61CF9000F007C117D /* Project object */;
}
