PODS:
  - Flutter (1.0.0)
  - Masonry (1.1.0)

DEPENDENCIES:
  - Flutter (from `Flutter`)
  - Masonry

SPEC REPOS:
  trunk:
    - Masonry

EXTERNAL SOURCES:
  Flutter:
    :path: Flutter

SPEC CHECKSUMS:
  Flutter: cabc95a1d2626b1b06e7179b784ebcf0c0cde467
  Masonry: 678fab65091a9290e40e2832a55e7ab731aad201

PODFILE CHECKSUM: 456631cc23ff50dd6bf9612227b6f1b19a4e401f

COCOAPODS: 1.16.2
